{
    "_readme": [
        "This file locks the dependencies of your project to a known state",
        "Read more about it at https://getcomposer.org/doc/01-basic-usage.md#installing-dependencies",
        "This file is @generated automatically"
    ],
    "content-hash": "050d78a3c9f86e146c2d20da95c3905c",
    "packages": [
        {
            "name": "rpurinton/config",
            "version": "1.0.20",
            "source": {
                "type": "git",
                "url": "https://github.com/rpurinton/config.git",
                "reference": "5ef3778e098478b9e2851b12d8bbc0d888923bb6"
            },
            "dist": {
                "type": "zip",
                "url": "https://api.github.com/repos/rpurinton/config/zipball/5ef3778e098478b9e2851b12d8bbc0d888923bb6",
                "reference": "5ef3778e098478b9e2851b12d8bbc0d888923bb6",
                "shasum": ""
            },
            "require": {
                "ext-json": "*",
                "php": "^8.0"
            },
            "type": "library",
            "autoload": {
                "psr-4": {
                    "RPurinton\\": "src/"
                }
            },
            "notification-url": "https://packagist.org/downloads/",
            "license": [
                "MIT"
            ],
            "authors": [
                {
                    "name": "Russell Purinton",
                    "email": "russell.purinton@gmail.com"
                }
            ],
            "description": "A basic configuration loading utility.",
            "support": {
                "issues": "https://github.com/rpurinton/config/issues",
                "source": "https://github.com/rpurinton/config/tree/1.0.20"
            },
            "time": "2025-02-21T17:46:09+00:00"
        },
        {
            "name": "rpurinton/https",
            "version": "1.0.14",
            "source": {
                "type": "git",
                "url": "https://github.com/rpurinton/https.git",
                "reference": "8fd9ddfe66b4ad719322b671c8dd1ad89435b805"
            },
            "dist": {
                "type": "zip",
                "url": "https://api.github.com/repos/rpurinton/https/zipball/8fd9ddfe66b4ad719322b671c8dd1ad89435b805",
                "reference": "8fd9ddfe66b4ad719322b671c8dd1ad89435b805",
                "shasum": ""
            },
            "require": {
                "ext-curl": "*",
                "php": "^8.0"
            },
            "type": "library",
            "autoload": {
                "psr-4": {
                    "RPurinton\\": "src/"
                }
            },
            "notification-url": "https://packagist.org/downloads/",
            "license": [
                "MIT"
            ],
            "authors": [
                {
                    "name": "Russell Purinton",
                    "email": "russell.purinton@gmail.com"
                }
            ],
            "description": "Abstract Static Class for making HTTPS Requests in PHP/Composer",
            "support": {
                "issues": "https://github.com/rpurinton/https/issues",
                "source": "https://github.com/rpurinton/https/tree/1.0.14"
            },
            "time": "2025-02-21T17:47:38+00:00"
        }
    ],
    "packages-dev": [],
    "aliases": [],
    "minimum-stability": "stable",
    "stability-flags": {},
    "prefer-stable": false,
    "prefer-lowest": false,
    "platform": {
        "php": "^8.0"
    },
    "platform-dev": {},
    "plugin-api-version": "2.6.0"
}
